
Microsoft Visual Studio Solution File, Format Version 12.00
# Visual Studio 15
Project("{FAE04EC0-301F-11D3-BF4B-00C04F79EFBC}") = "OEBIF", "OEBIF.csproj", "{FC48A415-54E3-9004-CFC9-E5695DBF53F9}"
EndProject
Project("{FAE04EC0-301F-11D3-BF4B-00C04F79EFBC}") = "Assembly-CSharp", "Assembly-CSharp.csproj", "{0686F1A1-E02C-9304-EE35-8E7F55D2354C}"
EndProject
Global
	GlobalSection(SolutionConfigurationPlatforms) = preSolution
		Debug|Any CPU = Debug|Any CPU
		Release|Any CPU = Release|Any CPU
	EndGlobalSection
	GlobalSection(ProjectConfigurationPlatforms) = postSolution
		{FC48A415-54E3-9004-CFC9-E5695DBF53F9}.Debug|Any CPU.ActiveCfg = Debug|Any CPU
		{FC48A415-54E3-9004-CFC9-E5695DBF53F9}.Debug|Any CPU.Build.0 = Debug|Any CPU
		{FC48A415-54E3-9004-CFC9-E5695DBF53F9}.Release|Any CPU.ActiveCfg = Release|Any CPU
		{FC48A415-54E3-9004-CFC9-E5695DBF53F9}.Release|Any CPU.Build.0 = Release|Any CPU
		{0686F1A1-E02C-9304-EE35-8E7F55D2354C}.Debug|Any CPU.ActiveCfg = Debug|Any CPU
		{0686F1A1-E02C-9304-EE35-8E7F55D2354C}.Debug|Any CPU.Build.0 = Debug|Any CPU
		{0686F1A1-E02C-9304-EE35-8E7F55D2354C}.Release|Any CPU.ActiveCfg = Release|Any CPU
		{0686F1A1-E02C-9304-EE35-8E7F55D2354C}.Release|Any CPU.Build.0 = Release|Any CPU
	EndGlobalSection
	GlobalSection(SolutionProperties) = preSolution
		HideSolutionNode = FALSE
	EndGlobalSection
EndGlobal
